// !$*UTF8*$!
{
	archiveVersion = 1;
	classes = {
	};
	objectVersion = 50;
	objects = {

/* Begin PBXBuildFile section */
		DA29E28126744B2E00102395 /* NodeType.swift in Sources */ = {isa = PBXBuildFile; fileRef = DA29E28026744B2E00102395 /* NodeType.swift */; };
		DA29E28526744D3D00102395 /* level2.txt in Resources */ = {isa = PBXBuildFile; fileRef = DA29E28226744D3D00102395 /* level2.txt */; };
		DA29E28626744D3D00102395 /* level0.txt in Resources */ = {isa = PBXBuildFile; fileRef = DA29E28326744D3D00102395 /* level0.txt */; };
		DA29E28726744D3D00102395 /* level1.txt in Resources */ = {isa = PBXBuildFile; fileRef = DA29E28426744D3D00102395 /* level1.txt */; };
		DAD1432126716FBE00BDE1A5 /* AppDelegate.swift in Sources */ = {isa = PBXBuildFile; fileRef = DAD1432026716FBE00BDE1A5 /* AppDelegate.swift */; };
		DAD1432326716FBE00BDE1A5 /* GameScene.sks in Resources */ = {isa = PBXBuildFile; fileRef = DAD1432226716FBE00BDE1A5 /* GameScene.sks */; };
		DAD1432726716FBE00BDE1A5 /* GameScene.swift in Sources */ = {isa = PBXBuildFile; fileRef = DAD1432626716FBE00BDE1A5 /* GameScene.swift */; };
		DAD1432926716FBE00BDE1A5 /* GameViewController.swift in Sources */ = {isa = PBXBuildFile; fileRef = DAD1432826716FBE00BDE1A5 /* GameViewController.swift */; };
		DAD1432C26716FBE00BDE1A5 /* Main.storyboard in Resources */ = {isa = PBXBuildFile; fileRef = DAD1432A26716FBE00BDE1A5 /* Main.storyboard */; };
		DAD1432E26716FC100BDE1A5 /* Assets.xcassets in Resources */ = {isa = PBXBuildFile; fileRef = DAD1432D26716FC100BDE1A5 /* Assets.xcassets */; };
		DAD1433626716FD500BDE1A5 /* README.md in Resources */ = {isa = PBXBuildFile; fileRef = DAD1433526716FD500BDE1A5 /* README.md */; };
/* End PBXBuildFile section */

/* Begin PBXFileReference section */
		DA29E28026744B2E00102395 /* NodeType.swift */ = {isa = PBXFileReference; lastKnownFileType = sourcecode.swift; path = NodeType.swift; sourceTree = "<group>"; };
		DA29E28226744D3D00102395 /* level2.txt */ = {isa = PBXFileReference; fileEncoding = 4; lastKnownFileType = text; path = level2.txt; sourceTree = "<group>"; };
		DA29E28326744D3D00102395 /* level0.txt */ = {isa = PBXFileReference; fileEncoding = 4; lastKnownFileType = text; path = level0.txt; sourceTree = "<group>"; };
		DA29E28426744D3D00102395 /* level1.txt */ = {isa = PBXFileReference; fileEncoding = 4; lastKnownFileType = text; path = level1.txt; sourceTree = "<group>"; };
		DAD1431D26716FBE00BDE1A5 /* MarbleMaze.app */ = {isa = PBXFileReference; explicitFileType = wrapper.application; includeInIndex = 0; path = MarbleMaze.app; sourceTree = BUILT_PRODUCTS_DIR; };
		DAD1432026716FBE00BDE1A5 /* AppDelegate.swift */ = {isa = PBXFileReference; lastKnownFileType = sourcecode.swift; path = AppDelegate.swift; sourceTree = "<group>"; };
		DAD1432226716FBE00BDE1A5 /* GameScene.sks */ = {isa = PBXFileReference; lastKnownFileType = file.sks; path = GameScene.sks; sourceTree = "<group>"; };
		DAD1432626716FBE00BDE1A5 /* GameScene.swift */ = {isa = PBXFileReference; lastKnownFileType = sourcecode.swift; path = GameScene.swift; sourceTree = "<group>"; };
		DAD1432826716FBE00BDE1A5 /* GameViewController.swift */ = {isa = PBXFileReference; lastKnownFileType = sourcecode.swift; path = GameViewController.swift; sourceTree = "<group>"; };
		DAD1432B26716FBE00BDE1A5 /* Base */ = {isa = PBXFileReference; lastKnownFileType = file.storyboard; name = Base; path = Base.lproj/Main.storyboard; sourceTree = "<group>"; };
		DAD1432D26716FC100BDE1A5 /* Assets.xcassets */ = {isa = PBXFileReference; lastKnownFileType = folder.assetcatalog; path = Assets.xcassets; sourceTree = "<group>"; };
		DAD1432F26716FC100BDE1A5 /* Info.plist */ = {isa = PBXFileReference; lastKnownFileType = text.plist.xml; path = Info.plist; sourceTree = "<group>"; };
		DAD1433526716FD500BDE1A5 /* README.md */ = {isa = PBXFileReference; lastKnownFileType = net.daringfireball.markdown; path = README.md; sourceTree = "<group>"; };
/* End PBXFileReference section */

/* Begin PBXFrameworksBuildPhase section */
		DAD1431A26716FBE00BDE1A5 /* Frameworks */ = {
			isa = PBXFrameworksBuildPhase;
			buildActionMask = 2147483647;
			files = (
			);
			runOnlyForDeploymentPostprocessing = 0;
		};
/* End PBXFrameworksBuildPhase section */

/* Begin PBXGroup section */
		DA29E28826744D4A00102395 /* Levels */ = {
			isa = PBXGroup;
			children = (
				DA29E28326744D3D00102395 /* level0.txt */,
				DA29E28426744D3D00102395 /* level1.txt */,
				DA29E28226744D3D00102395 /* level2.txt */,
			);
			path = Levels;
			sourceTree = "<group>";
		};
		DAD1431426716FBE00BDE1A5 = {
			isa = PBXGroup;
			children = (
				DAD1433526716FD500BDE1A5 /* README.md */,
				DAD1431F26716FBE00BDE1A5 /* MarbleMaze */,
				DAD1431E26716FBE00BDE1A5 /* Products */,
			);
			sourceTree = "<group>";
		};
		DAD1431E26716FBE00BDE1A5 /* Products */ = {
			isa = PBXGroup;
			children = (
				DAD1431D26716FBE00BDE1A5 /* MarbleMaze.app */,
			);
			name = Products;
			sourceTree = "<group>";
		};
		DAD1431F26716FBE00BDE1A5 /* MarbleMaze */ = {
			isa = PBXGroup;
			children = (
				DAD1432026716FBE00BDE1A5 /* AppDelegate.swift */,
				DAD1432226716FBE00BDE1A5 /* GameScene.sks */,
				DAD1432626716FBE00BDE1A5 /* GameScene.swift */,
				DAD1432826716FBE00BDE1A5 /* GameViewController.swift */,
				DAD1432A26716FBE00BDE1A5 /* Main.storyboard */,
				DAD1432D26716FC100BDE1A5 /* Assets.xcassets */,
				DAD1432F26716FC100BDE1A5 /* Info.plist */,
				DA29E28026744B2E00102395 /* NodeType.swift */,
				DA29E28826744D4A00102395 /* Levels */,
			);
			path = MarbleMaze;
			sourceTree = "<group>";
		};
/* End PBXGroup section */

/* Begin PBXNativeTarget section */
		DAD1431C26716FBE00BDE1A5 /* MarbleMaze */ = {
			isa = PBXNativeTarget;
			buildConfigurationList = DAD1433226716FC100BDE1A5 /* Build configuration list for PBXNativeTarget "MarbleMaze" */;
			buildPhases = (
				DAD1431926716FBE00BDE1A5 /* Sources */,
				DAD1431A26716FBE00BDE1A5 /* Frameworks */,
				DAD1431B26716FBE00BDE1A5 /* Resources */,
			);
			buildRules = (
			);
			dependencies = (
			);
			name = MarbleMaze;
			productName = MarbleMaze;
			productReference = DAD1431D26716FBE00BDE1A5 /* MarbleMaze.app */;
			productType = "com.apple.product-type.application";
		};
/* End PBXNativeTarget section */

/* Begin PBXProject section */
		DAD1431526716FBE00BDE1A5 /* Project object */ = {
			isa = PBXProject;
			attributes = {
				LastSwiftUpdateCheck = 1250;
				LastUpgradeCheck = 1250;
				TargetAttributes = {
					DAD1431C26716FBE00BDE1A5 = {
						CreatedOnToolsVersion = 12.5;
					};
				};
			};
			buildConfigurationList = DAD1431826716FBE00BDE1A5 /* Build configuration list for PBXProject "MarbleMaze" */;
			compatibilityVersion = "Xcode 9.3";
			developmentRegion = en;
			hasScannedForEncodings = 0;
			knownRegions = (
				en,
				Base,
			);
			mainGroup = DAD1431426716FBE00BDE1A5;
			productRefGroup = DAD1431E26716FBE00BDE1A5 /* Products */;
			projectDirPath = "";
			projectRoot = "";
			targets = (
				DAD1431C26716FBE00BDE1A5 /* MarbleMaze */,
			);
		};
/* End PBXProject section */

/* Begin PBXResourcesBuildPhase section */
		DAD1431B26716FBE00BDE1A5 /* Resources */ = {
			isa = PBXResourcesBuildPhase;
			buildActionMask = 2147483647;
			files = (
				DA29E28526744D3D00102395 /* level2.txt in Resources */,
				DAD1432C26716FBE00BDE1A5 /* Main.storyboard in Resources */,
				DA29E28726744D3D00102395 /* level1.txt in Resources */,
				DAD1432326716FBE00BDE1A5 /* GameScene.sks in Resources */,
				DAD1433626716FD500BDE1A5 /* README.md in Resources */,
				DA29E28626744D3D00102395 /* level0.txt in Resources */,
				DAD1432E26716FC100BDE1A5 /* Assets.xcassets in Resources */,
			);
			runOnlyForDeploymentPostprocessing = 0;
		};
/* End PBXResourcesBuildPhase section */

/* Begin PBXSourcesBuildPhase section */
		DAD1431926716FBE00BDE1A5 /* Sources */ = {
			isa = PBXSourcesBuildPhase;
			buildActionMask = 2147483647;
			files = (
				DAD1432726716FBE00BDE1A5 /* GameScene.swift in Sources */,
				DA29E28126744B2E00102395 /* NodeType.swift in Sources */,
				DAD1432926716FBE00BDE1A5 /* GameViewController.swift in Sources */,
				DAD1432126716FBE00BDE1A5 /* AppDelegate.swift in Sources */,
			);
			runOnlyForDeploymentPostprocessing = 0;
		};
/* End PBXSourcesBuildPhase section */

/* Begin PBXVariantGroup section */
		DAD1432A26716FBE00BDE1A5 /* Main.storyboard */ = {
			isa = PBXVariantGroup;
			children = (
				DAD1432B26716FBE00BDE1A5 /* Base */,
			);
			name = Main.storyboard;
			sourceTree = "<group>";
		};
/* End PBXVariantGroup section */

/* Begin XCBuildConfiguration section */
		DAD1433026716FC100BDE1A5 /* Debug */ = {
			isa = XCBuildConfiguration;
			buildSettings = {
				ALWAYS_SEARCH_USER_PATHS = NO;
				CLANG_ANALYZER_NONNULL = YES;
				CLANG_ANALYZER_NUMBER_OBJECT_CONVERSION = YES_AGGRESSIVE;
				CLANG_CXX_LANGUAGE_STANDARD = "gnu++14";
				CLANG_CXX_LIBRARY = "libc++";
				CLANG_ENABLE_MODULES = YES;
				CLANG_ENABLE_OBJC_ARC = YES;
				CLANG_ENABLE_OBJC_WEAK = YES;
				CLANG_WARN_BLOCK_CAPTURE_AUTORELEASING = YES;
				CLANG_WARN_BOOL_CONVERSION = YES;
				CLANG_WARN_COMMA = YES;
				CLANG_WARN_CONSTANT_CONVERSION = YES;
				CLANG_WARN_DEPRECATED_OBJC_IMPLEMENTATIONS = YES;
				CLANG_WARN_DIRECT_OBJC_ISA_USAGE = YES_ERROR;
				CLANG_WARN_DOCUMENTATION_COMMENTS = YES;
				CLANG_WARN_EMPTY_BODY = YES;
				CLANG_WARN_ENUM_CONVERSION = YES;
				CLANG_WARN_INFINITE_RECURSION = YES;
				CLANG_WARN_INT_CONVERSION = YES;
				CLANG_WARN_NON_LITERAL_NULL_CONVERSION = YES;
				CLANG_WARN_OBJC_IMPLICIT_RETAIN_SELF = YES;
				CLANG_WARN_OBJC_LITERAL_CONVERSION = YES;
				CLANG_WARN_OBJC_ROOT_CLASS = YES_ERROR;
				CLANG_WARN_QUOTED_INCLUDE_IN_FRAMEWORK_HEADER = YES;
				CLANG_WARN_RANGE_LOOP_ANALYSIS = YES;
				CLANG_WARN_STRICT_PROTOTYPES = YES;
				CLANG_WARN_SUSPICIOUS_MOVE = YES;
				CLANG_WARN_UNGUARDED_AVAILABILITY = YES_AGGRESSIVE;
				CLANG_WARN_UNREACHABLE_CODE = YES;
				CLANG_WARN__DUPLICATE_METHOD_MATCH = YES;
				COPY_PHASE_STRIP = NO;
				DEBUG_INFORMATION_FORMAT = dwarf;
				ENABLE_STRICT_OBJC_MSGSEND = YES;
				ENABLE_TESTABILITY = YES;
				GCC_C_LANGUAGE_STANDARD = gnu11;
				GCC_DYNAMIC_NO_PIC = NO;
				GCC_NO_COMMON_BLOCKS = YES;
				GCC_OPTIMIZATION_LEVEL = 0;
				GCC_PREPROCESSOR_DEFINITIONS = (
					"DEBUG=1",
					"$(inherited)",
				);
				GCC_WARN_64_TO_32_BIT_CONVERSION = YES;
				GCC_WARN_ABOUT_RETURN_TYPE = YES_ERROR;
				GCC_WARN_UNDECLARED_SELECTOR = YES;
				GCC_WARN_UNINITIALIZED_AUTOS = YES_AGGRESSIVE;
				GCC_WARN_UNUSED_FUNCTION = YES;
				GCC_WARN_UNUSED_VARIABLE = YES;
				IPHONEOS_DEPLOYMENT_TARGET = 12.3;
				MTL_ENABLE_DEBUG_INFO = INCLUDE_SOURCE;
				MTL_FAST_MATH = YES;
				ONLY_ACTIVE_ARCH = YES;
				SDKROOT = iphoneos;
				SWIFT_ACTIVE_COMPILATION_CONDITIONS = DEBUG;
				SWIFT_OPTIMIZATION_LEVEL = "-Onone";
			};
			name = Debug;
		};
		DAD1433126716FC100BDE1A5 /* Release */ = {
			isa = XCBuildConfiguration;
			buildSettings = {
				ALWAYS_SEARCH_USER_PATHS = NO;
				CLANG_ANALYZER_NONNULL = YES;
				CLANG_ANALYZER_NUMBER_OBJECT_CONVERSION = YES_AGGRESSIVE;
				CLANG_CXX_LANGUAGE_STANDARD = "gnu++14";
				CLANG_CXX_LIBRARY = "libc++";
				CLANG_ENABLE_MODULES = YES;
				CLANG_ENABLE_OBJC_ARC = YES;
				CLANG_ENABLE_OBJC_WEAK = YES;
				CLANG_WARN_BLOCK_CAPTURE_AUTORELEASING = YES;
				CLANG_WARN_BOOL_CONVERSION = YES;
				CLANG_WARN_COMMA = YES;
				CLANG_WARN_CONSTANT_CONVERSION = YES;
				CLANG_WARN_DEPRECATED_OBJC_IMPLEMENTATIONS = YES;
				CLANG_WARN_DIRECT_OBJC_ISA_USAGE = YES_ERROR;
				CLANG_WARN_DOCUMENTATION_COMMENTS = YES;
				CLANG_WARN_EMPTY_BODY = YES;
				CLANG_WARN_ENUM_CONVERSION = YES;
				CLANG_WARN_INFINITE_RECURSION = YES;
				CLANG_WARN_INT_CONVERSION = YES;
				CLANG_WARN_NON_LITERAL_NULL_CONVERSION = YES;
				CLANG_WARN_OBJC_IMPLICIT_RETAIN_SELF = YES;
				CLANG_WARN_OBJC_LITERAL_CONVERSION = YES;
				CLANG_WARN_OBJC_ROOT_CLASS = YES_ERROR;
				CLANG_WARN_QUOTED_INCLUDE_IN_FRAMEWORK_HEADER = YES;
				CLANG_WARN_RANGE_LOOP_ANALYSIS = YES;
				CLANG_WARN_STRICT_PROTOTYPES = YES;
				CLANG_WARN_SUSPICIOUS_MOVE = YES;
				CLANG_WARN_UNGUARDED_AVAILABILITY = YES_AGGRESSIVE;
				CLANG_WARN_UNREACHABLE_CODE = YES;
				CLANG_WARN__DUPLICATE_METHOD_MATCH = YES;
				COPY_PHASE_STRIP = NO;
				DEBUG_INFORMATION_FORMAT = "dwarf-with-dsym";
				ENABLE_NS_ASSERTIONS = NO;
				ENABLE_STRICT_OBJC_MSGSEND = YES;
				GCC_C_LANGUAGE_STANDARD = gnu11;
				GCC_NO_COMMON_BLOCKS = YES;
				GCC_WARN_64_TO_32_BIT_CONVERSION = YES;
				GCC_WARN_ABOUT_RETURN_TYPE = YES_ERROR;
				GCC_WARN_UNDECLARED_SELECTOR = YES;
				GCC_WARN_UNINITIALIZED_AUTOS = YES_AGGRESSIVE;
				GCC_WARN_UNUSED_FUNCTION = YES;
				GCC_WARN_UNUSED_VARIABLE = YES;
				IPHONEOS_DEPLOYMENT_TARGET = 12.3;
				MTL_ENABLE_DEBUG_INFO = NO;
				MTL_FAST_MATH = YES;
				SDKROOT = iphoneos;
				SWIFT_COMPILATION_MODE = wholemodule;
				SWIFT_OPTIMIZATION_LEVEL = "-O";
				VALIDATE_PRODUCT = YES;
			};
			name = Release;
		};
		DAD1433326716FC100BDE1A5 /* Debug */ = {
			isa = XCBuildConfiguration;
			buildSettings = {
				ASSETCATALOG_COMPILER_APPICON_NAME = AppIcon;
				ASSETCATALOG_COMPILER_GLOBAL_ACCENT_COLOR_NAME = AccentColor;
				CODE_SIGN_STYLE = Automatic;
				DEVELOPMENT_TEAM = UC6H82UP9B;
				INFOPLIST_FILE = MarbleMaze/Info.plist;
				LD_RUNPATH_SEARCH_PATHS = (
					"$(inherited)",
					"@executable_path/Frameworks",
				);
				PRODUCT_BUNDLE_IDENTIFIER = com.plrichardson.MarbleMaze;
				PRODUCT_NAME = "$(TARGET_NAME)";
				SWIFT_VERSION = 5.0;
				TARGETED_DEVICE_FAMILY = 2;
			};
			name = Debug;
		};
		DAD1433426716FC100BDE1A5 /* Release */ = {
			isa = XCBuildConfiguration;
			buildSettings = {
				ASSETCATALOG_COMPILER_APPICON_NAME = AppIcon;
				ASSETCATALOG_COMPILER_GLOBAL_ACCENT_COLOR_NAME = AccentColor;
				CODE_SIGN_STYLE = Automatic;
				DEVELOPMENT_TEAM = UC6H82UP9B;
				INFOPLIST_FILE = MarbleMaze/Info.plist;
				LD_RUNPATH_SEARCH_PATHS = (
					"$(inherited)",
					"@executable_path/Frameworks",
				);
				PRODUCT_BUNDLE_IDENTIFIER = com.plrichardson.MarbleMaze;
				PRODUCT_NAME = "$(TARGET_NAME)";
				SWIFT_VERSION = 5.0;
				TARGETED_DEVICE_FAMILY = 2;
			};
			name = Release;
		};
/* End XCBuildConfiguration section */

/* Begin XCConfigurationList section */
		DAD1431826716FBE00BDE1A5 /* Build configuration list for PBXProject "MarbleMaze" */ = {
			isa = XCConfigurationList;
			buildConfigurations = (
				DAD1433026716FC100BDE1A5 /* Debug */,
				DAD1433126716FC100BDE1A5 /* Release */,
			);
			defaultConfigurationIsVisible = 0;
			defaultConfigurationName = Release;
		};
		DAD1433226716FC100BDE1A5 /* Build configuration list for PBXNativeTarget "MarbleMaze" */ = {
			isa = XCConfigurationList;
			buildConfigurations = (
				DAD1433326716FC100BDE1A5 /* Debug */,
				DAD1433426716FC100BDE1A5 /* Release */,
			);
			defaultConfigurationIsVisible = 0;
			defaultConfigurationName = Release;
		};
/* End XCConfigurationList section */
	};
	rootObject = DAD1431526716FBE00BDE1A5 /* Project object */;
}
